[{<<"clj">>,
  {git,"git://github.com/lfex/clj.git",
       {ref,"2184d0f1459922145b432cfe19ac6147169383d7"}},
  1},
 {<<"color">>,
  {git,"git://github.com/julianduque/erlang-color.git",
       {ref,"e60f6302f795220f5f0bee86391ffee5274edec0"}},
  1},
 {<<"edown">>,
  {git,"git://github.com/uwiger/edown.git",
       {ref,"d864427506cd93a00712b7c3b9a89d793e7e1600"}},
  2},
 {<<"elli">>,
  {git,"git://github.com/knutin/elli.git",
       {ref,"0cae1521190459bdb16958be7350191df710d799"}},
  0},
 {<<"elli_fileserve">>,
  {git,"git://github.com/yurrriq/elli_fileserve.git",
       {ref,"0f22659440e4e1b9e4f52e70c0ddceac37e6771c"}},
  0},
 {<<"elli_websocket">>,
  {git,"git://github.com/mmzeeman/elli_websocket.git",
       {ref,"1ce5f3707fb90332f2983656878e58937d5e903d"}},
  0},
 {<<"kla">>,
  {git,"git://github.com/lfex/kla.git",
       {ref,"e9ed980aec9c18b67a8b5f9c22cfebc778282d04"}},
  2},
 {<<"lfe">>,
  {git,"git://github.com/rvirding/lfe",
       {ref,"45dd4881a6a97d65857ed1b7b999ff715d5d88d5"}},
  0},
 {<<"ltest">>,
  {git,"git://github.com/lfex/ltest.git",
       {ref,"dd2256a315b107cc0456d82ba378f0a4fbd6751a"}},
  0},
 {<<"lutil">>,
  {git,"git://github.com/lfex/lutil.git",
       {ref,"14fb9f5c5c6360ad7169d9bf68907747b40c0d36"}},
  1},
 {<<"meck">>,
  {git,"git://github.com/eproxus/meck.git",
       {ref,"86a099f6f48382db0891c9ae468013c1a0c7c20d"}},
  1},
 {<<"parse_trans">>,
  {git,"git://github.com/uwiger/parse_trans.git",
       {ref,"4fadce8a5242479b4ebc0d2b5825bdfe1de0af1c"}},
  1}].
